
Microsoft Visual Studio Solution File, Format Version 12.00
# Visual Studio 15
VisualStudioVersion = 15.0.28010.2019
MinimumVisualStudioVersion = 10.0.40219.1
Project("{FAE04EC0-301F-11D3-BF4B-00C04F79EFBC}") = "MonoTaiko", "MonoTaiko\MonoTaiko.csproj", "{0103A44C-E157-40CE-97DA-7ACFED55655D}"
EndProject
Global
	GlobalSection(SolutionConfigurationPlatforms) = preSolution
		Debug|x86 = Debug|x86
		Release|x86 = Release|x86
	EndGlobalSection
	GlobalSection(ProjectConfigurationPlatforms) = postSolution
		{0103A44C-E157-40CE-97DA-7ACFED55655D}.Debug|x86.ActiveCfg = Debug|x86
		{0103A44C-E157-40CE-97DA-7ACFED55655D}.Debug|x86.Build.0 = Debug|x86
		{0103A44C-E157-40CE-97DA-7ACFED55655D}.Release|x86.ActiveCfg = Release|x86
		{0103A44C-E157-40CE-97DA-7ACFED55655D}.Release|x86.Build.0 = Release|x86
	EndGlobalSection
	GlobalSection(SolutionProperties) = preSolution
		HideSolutionNode = FALSE
	EndGlobalSection
	GlobalSection(ExtensibilityGlobals) = postSolution
		SolutionGuid = {6A108CF1-01A1-4AB9-ACF0-CA4B25A9CA08}
	EndGlobalSection
EndGlobal
